
Microsoft Visual Studio Solution File, Format Version 12.00
# Visual Studio 15
VisualStudioVersion = 15.0.27703.2000
MinimumVisualStudioVersion = 10.0.40219.1
Project("{FAE04EC0-301F-11D3-BF4B-00C04F79EFBC}") = "AudioQualityAssuranceTool", "AudioQualityAssuranceTool\AudioQualityAssuranceTool.csproj", "{CCD5AFCC-D20E-436F-81D2-972B89159888}"
EndProject
Global
	GlobalSection(SolutionConfigurationPlatforms) = preSolution
		Debug|Any CPU = Debug|Any CPU
		Release|Any CPU = Release|Any CPU
	EndGlobalSection
	GlobalSection(ProjectConfigurationPlatforms) = postSolution
		{CCD5AFCC-D20E-436F-81D2-972B89159888}.Debug|Any CPU.ActiveCfg = Debug|Any CPU
		{CCD5AFCC-D20E-436F-81D2-972B89159888}.Debug|Any CPU.Build.0 = Debug|Any CPU
		{CCD5AFCC-D20E-436F-81D2-972B89159888}.Release|Any CPU.ActiveCfg = Release|Any CPU
		{CCD5AFCC-D20E-436F-81D2-972B89159888}.Release|Any CPU.Build.0 = Release|Any CPU
	EndGlobalSection
	GlobalSection(SolutionProperties) = preSolution
		HideSolutionNode = FALSE
	EndGlobalSection
	GlobalSection(ExtensibilityGlobals) = postSolution
		SolutionGuid = {A9D84F1B-79A3-425E-BA4C-15EBD9F831BA}
	EndGlobalSection
EndGlobal
